
Microsoft Visual Studio Solution File, Format Version 12.00
# Visual Studio Version 17
VisualStudioVersion = 17.1.32319.34
MinimumVisualStudioVersion = 10.0.40219.1
Project("{FAE04EC0-301F-11D3-BF4B-00C04F79EFBC}") = "SexShop", "SexShop\SexShop.csproj", "{C85240FA-7F4A-4C38-B2F4-D850AC577DFF}"
EndProject
Global
	GlobalSection(SolutionConfigurationPlatforms) = preSolution
		Debug|Any CPU = Debug|Any CPU
		Release|Any CPU = Release|Any CPU
	EndGlobalSection
	GlobalSection(ProjectConfigurationPlatforms) = postSolution
		{C85240FA-7F4A-4C38-B2F4-D850AC577DFF}.Debug|Any CPU.ActiveCfg = Debug|Any CPU
		{C85240FA-7F4A-4C38-B2F4-D850AC577DFF}.Debug|Any CPU.Build.0 = Debug|Any CPU
		{C85240FA-7F4A-4C38-B2F4-D850AC577DFF}.Release|Any CPU.ActiveCfg = Release|Any CPU
		{C85240FA-7F4A-4C38-B2F4-D850AC577DFF}.Release|Any CPU.Build.0 = Release|Any CPU
	EndGlobalSection
	GlobalSection(SolutionProperties) = preSolution
		HideSolutionNode = FALSE
	EndGlobalSection
	GlobalSection(ExtensibilityGlobals) = postSolution
		SolutionGuid = {672D2409-557C-4CD4-A8F5-15BC291C9590}
	EndGlobalSection
EndGlobal
